
Microsoft Visual Studio Solution File, Format Version 12.00
# Visual Studio 2013
VisualStudioVersion = 12.0.31101.0
MinimumVisualStudioVersion = 10.0.40219.1
Project("{FAE04EC0-301F-11D3-BF4B-00C04F79EFBC}") = "Gostinica1.ODataBackend", "ODataBackend/Gostinica1.ODataBackend.csproj", "{CE741803-7B76-43BA-9372-92019D1B6CC3}"
EndProject
Project("{FAE04EC0-301F-11D3-BF4B-00C04F79EFBC}") = "Gostinica1.Objects", "Objects/Gostinica1.Objects.csproj", "{C3D38F9A-0053-46C8-8EA1-4206021121AF}"
EndProject
Global
	GlobalSection(SolutionConfigurationPlatforms) = preSolution
Debug|Any CPU = Debug|Any CPU
Release|Any CPU = Release|Any CPU
	EndGlobalSection
	GlobalSection(ProjectConfigurationPlatforms) = postSolution
		{CE741803-7B76-43BA-9372-92019D1B6CC3}.Debug|Any CPU.ActiveCfg = Debug|Any CPU
		{CE741803-7B76-43BA-9372-92019D1B6CC3}.Debug|Any CPU.Build.0 = Debug|Any CPU
		{CE741803-7B76-43BA-9372-92019D1B6CC3}.Release|Any CPU.ActiveCfg = Release|Any CPU
		{CE741803-7B76-43BA-9372-92019D1B6CC3}.Release|Any CPU.Build.0 = Release|Any CPU
		{C3D38F9A-0053-46C8-8EA1-4206021121AF}.Debug|Any CPU.ActiveCfg = Debug|Any CPU
		{C3D38F9A-0053-46C8-8EA1-4206021121AF}.Debug|Any CPU.Build.0 = Debug|Any CPU
		{C3D38F9A-0053-46C8-8EA1-4206021121AF}.Release|Any CPU.ActiveCfg = Release|Any CPU
		{C3D38F9A-0053-46C8-8EA1-4206021121AF}.Release|Any CPU.Build.0 = Release|Any CPU
	EndGlobalSection
	GlobalSection(SolutionProperties) = preSolution
		HideSolutionNode = FALSE
	EndGlobalSection
EndGlobal
